// !$*UTF8*$!
{
	archiveVersion = 1;
	classes = {
	};
	objectVersion = 50;
	objects = {

/* Begin PBXBuildFile section */
		9177C5ED258E612700929C5C /* FacilitySearch3App.swift in Sources */ = {isa = PBXBuildFile; fileRef = 9177C5EC258E612700929C5C /* FacilitySearch3App.swift */; };
		9177C5EF258E612700929C5C /* HomeView.swift in Sources */ = {isa = PBXBuildFile; fileRef = 9177C5EE258E612700929C5C /* HomeView.swift */; };
		9177C5F1258E612800929C5C /* Assets.xcassets in Resources */ = {isa = PBXBuildFile; fileRef = 9177C5F0258E612800929C5C /* Assets.xcassets */; };
		9177C5F4258E612800929C5C /* Preview Assets.xcassets in Resources */ = {isa = PBXBuildFile; fileRef = 9177C5F3258E612800929C5C /* Preview Assets.xcassets */; };
		9177C61B258F234200929C5C /* DataService.swift in Sources */ = {isa = PBXBuildFile; fileRef = 9177C61A258F234200929C5C /* DataService.swift */; };
		9177C620258F236200929C5C /* FacilityDetail.swift in Sources */ = {isa = PBXBuildFile; fileRef = 9177C61F258F236200929C5C /* FacilityDetail.swift */; };
		9177C626258F238900929C5C /* FacilitySearch.swift in Sources */ = {isa = PBXBuildFile; fileRef = 9177C625258F238900929C5C /* FacilitySearch.swift */; };
		9177C62E258F23A800929C5C /* FacilityGroup.swift in Sources */ = {isa = PBXBuildFile; fileRef = 9177C62D258F23A800929C5C /* FacilityGroup.swift */; };
		9177C6382590701700929C5C /* ListView.swift in Sources */ = {isa = PBXBuildFile; fileRef = 9177C6372590701700929C5C /* ListView.swift */; };
		9177C644259073FC00929C5C /* TypeView.swift in Sources */ = {isa = PBXBuildFile; fileRef = 9177C643259073FC00929C5C /* TypeView.swift */; };
		9177C64925907ACF00929C5C /* DetailView.swift in Sources */ = {isa = PBXBuildFile; fileRef = 9177C64825907ACF00929C5C /* DetailView.swift */; };
		9177C6542591C20B00929C5C /* GroupView.swift in Sources */ = {isa = PBXBuildFile; fileRef = 9177C6532591C20A00929C5C /* GroupView.swift */; };
		918A25FF259301CE003F850E /* LinkItemView.swift in Sources */ = {isa = PBXBuildFile; fileRef = 918A25FE259301CE003F850E /* LinkItemView.swift */; };
		918A260425946368003F850E /* ReportView.swift in Sources */ = {isa = PBXBuildFile; fileRef = 918A260325946368003F850E /* ReportView.swift */; };
		918A2607259464BC003F850E /* HtmlStringView.swift in Sources */ = {isa = PBXBuildFile; fileRef = 918A2606259464BC003F850E /* HtmlStringView.swift */; };
		918A260A25946896003F850E /* ReportList.swift in Sources */ = {isa = PBXBuildFile; fileRef = 918A260925946896003F850E /* ReportList.swift */; };
/* End PBXBuildFile section */

/* Begin PBXFileReference section */
		9177C5E9258E612700929C5C /* Facility Search.app */ = {isa = PBXFileReference; explicitFileType = wrapper.application; includeInIndex = 0; path = "Facility Search.app"; sourceTree = BUILT_PRODUCTS_DIR; };
		9177C5EC258E612700929C5C /* FacilitySearch3App.swift */ = {isa = PBXFileReference; lastKnownFileType = sourcecode.swift; path = FacilitySearch3App.swift; sourceTree = "<group>"; };
		9177C5EE258E612700929C5C /* HomeView.swift */ = {isa = PBXFileReference; lastKnownFileType = sourcecode.swift; path = HomeView.swift; sourceTree = "<group>"; };
		9177C5F0258E612800929C5C /* Assets.xcassets */ = {isa = PBXFileReference; lastKnownFileType = folder.assetcatalog; path = Assets.xcassets; sourceTree = "<group>"; };
		9177C5F3258E612800929C5C /* Preview Assets.xcassets */ = {isa = PBXFileReference; lastKnownFileType = folder.assetcatalog; path = "Preview Assets.xcassets"; sourceTree = "<group>"; };
		9177C5F5258E612800929C5C /* Info.plist */ = {isa = PBXFileReference; lastKnownFileType = text.plist.xml; path = Info.plist; sourceTree = "<group>"; };
		9177C5FE258E612800929C5C /* Facility SearchTests.swift */ = {isa = PBXFileReference; lastKnownFileType = sourcecode.swift; path = "Facility SearchTests.swift"; sourceTree = "<group>"; };
		9177C600258E612800929C5C /* Info.plist */ = {isa = PBXFileReference; lastKnownFileType = text.plist.xml; path = Info.plist; sourceTree = "<group>"; };
		9177C609258E612800929C5C /* Facility SearchUITests.swift */ = {isa = PBXFileReference; lastKnownFileType = sourcecode.swift; path = "Facility SearchUITests.swift"; sourceTree = "<group>"; };
		9177C60B258E612800929C5C /* Info.plist */ = {isa = PBXFileReference; lastKnownFileType = text.plist.xml; path = Info.plist; sourceTree = "<group>"; };
		9177C61A258F234200929C5C /* DataService.swift */ = {isa = PBXFileReference; lastKnownFileType = sourcecode.swift; path = DataService.swift; sourceTree = "<group>"; };
		9177C61F258F236200929C5C /* FacilityDetail.swift */ = {isa = PBXFileReference; lastKnownFileType = sourcecode.swift; path = FacilityDetail.swift; sourceTree = "<group>"; };
		9177C625258F238900929C5C /* FacilitySearch.swift */ = {isa = PBXFileReference; lastKnownFileType = sourcecode.swift; path = FacilitySearch.swift; sourceTree = "<group>"; };
		9177C62D258F23A800929C5C /* FacilityGroup.swift */ = {isa = PBXFileReference; lastKnownFileType = sourcecode.swift; path = FacilityGroup.swift; sourceTree = "<group>"; };
		9177C6372590701700929C5C /* ListView.swift */ = {isa = PBXFileReference; lastKnownFileType = sourcecode.swift; path = ListView.swift; sourceTree = "<group>"; };
		9177C643259073FC00929C5C /* TypeView.swift */ = {isa = PBXFileReference; lastKnownFileType = sourcecode.swift; path = TypeView.swift; sourceTree = "<group>"; };
		9177C64825907ACF00929C5C /* DetailView.swift */ = {isa = PBXFileReference; lastKnownFileType = sourcecode.swift; path = DetailView.swift; sourceTree = "<group>"; };
		9177C6532591C20A00929C5C /* GroupView.swift */ = {isa = PBXFileReference; lastKnownFileType = sourcecode.swift; path = GroupView.swift; sourceTree = "<group>"; };
		918A25FE259301CE003F850E /* LinkItemView.swift */ = {isa = PBXFileReference; lastKnownFileType = sourcecode.swift; path = LinkItemView.swift; sourceTree = "<group>"; };
		918A260325946368003F850E /* ReportView.swift */ = {isa = PBXFileReference; lastKnownFileType = sourcecode.swift; path = ReportView.swift; sourceTree = "<group>"; };
		918A2606259464BC003F850E /* HtmlStringView.swift */ = {isa = PBXFileReference; lastKnownFileType = sourcecode.swift; path = HtmlStringView.swift; sourceTree = "<group>"; };
		918A260925946896003F850E /* ReportList.swift */ = {isa = PBXFileReference; lastKnownFileType = sourcecode.swift; path = ReportList.swift; sourceTree = "<group>"; };
/* End PBXFileReference section */

/* Begin PBXFrameworksBuildPhase section */
		9177C5E6258E612700929C5C /* Frameworks */ = {
			isa = PBXFrameworksBuildPhase;
			buildActionMask = 2147483647;
			files = (
			);
			runOnlyForDeploymentPostprocessing = 0;
		};
/* End PBXFrameworksBuildPhase section */

/* Begin PBXGroup section */
		9177C5E0258E612700929C5C = {
			isa = PBXGroup;
			children = (
				9177C5EB258E612700929C5C /* Facility Search */,
				9177C5FD258E612800929C5C /* Facility SearchTests */,
				9177C608258E612800929C5C /* Facility SearchUITests */,
				9177C5EA258E612700929C5C /* Products */,
			);
			sourceTree = "<group>";
		};
		9177C5EA258E612700929C5C /* Products */ = {
			isa = PBXGroup;
			children = (
				9177C5E9258E612700929C5C /* Facility Search.app */,
			);
			name = Products;
			sourceTree = "<group>";
		};
		9177C5EB258E612700929C5C /* Facility Search */ = {
			isa = PBXGroup;
			children = (
				9177C63C2590702600929C5C /* Views */,
				9177C624258F237400929C5C /* Models */,
				9177C5EC258E612700929C5C /* FacilitySearch3App.swift */,
				9177C5F0258E612800929C5C /* Assets.xcassets */,
				9177C5F5258E612800929C5C /* Info.plist */,
				9177C5F2258E612800929C5C /* Preview Content */,
			);
			path = "Facility Search";
			sourceTree = "<group>";
		};
		9177C5F2258E612800929C5C /* Preview Content */ = {
			isa = PBXGroup;
			children = (
				9177C5F3258E612800929C5C /* Preview Assets.xcassets */,
			);
			path = "Preview Content";
			sourceTree = "<group>";
		};
		9177C5FD258E612800929C5C /* Facility SearchTests */ = {
			isa = PBXGroup;
			children = (
				9177C5FE258E612800929C5C /* Facility SearchTests.swift */,
				9177C600258E612800929C5C /* Info.plist */,
			);
			path = "Facility SearchTests";
			sourceTree = "<group>";
		};
		9177C608258E612800929C5C /* Facility SearchUITests */ = {
			isa = PBXGroup;
			children = (
				9177C609258E612800929C5C /* Facility SearchUITests.swift */,
				9177C60B258E612800929C5C /* Info.plist */,
			);
			path = "Facility SearchUITests";
			sourceTree = "<group>";
		};
		9177C624258F237400929C5C /* Models */ = {
			isa = PBXGroup;
			children = (
				9177C61A258F234200929C5C /* DataService.swift */,
				9177C61F258F236200929C5C /* FacilityDetail.swift */,
				9177C625258F238900929C5C /* FacilitySearch.swift */,
				9177C62D258F23A800929C5C /* FacilityGroup.swift */,
				918A260925946896003F850E /* ReportList.swift */,
			);
			path = Models;
			sourceTree = "<group>";
		};
		9177C63C2590702600929C5C /* Views */ = {
			isa = PBXGroup;
			children = (
				918A260125930B74003F850E /* Components */,
				9177C5EE258E612700929C5C /* HomeView.swift */,
				9177C6532591C20A00929C5C /* GroupView.swift */,
				9177C643259073FC00929C5C /* TypeView.swift */,
				9177C6372590701700929C5C /* ListView.swift */,
				9177C64825907ACF00929C5C /* DetailView.swift */,
				918A260325946368003F850E /* ReportView.swift */,
			);
			path = Views;
			sourceTree = "<group>";
		};
		918A260125930B74003F850E /* Components */ = {
			isa = PBXGroup;
			children = (
				918A25FE259301CE003F850E /* LinkItemView.swift */,
				918A2606259464BC003F850E /* HtmlStringView.swift */,
			);
			path = Components;
			sourceTree = "<group>";
		};
/* End PBXGroup section */

/* Begin PBXNativeTarget section */
		9177C5E8258E612700929C5C /* Facility Search */ = {
			isa = PBXNativeTarget;
			buildConfigurationList = 9177C60E258E612800929C5C /* Build configuration list for PBXNativeTarget "Facility Search" */;
			buildPhases = (
				9177C5E5258E612700929C5C /* Sources */,
				9177C5E6258E612700929C5C /* Frameworks */,
				9177C5E7258E612700929C5C /* Resources */,
			);
			buildRules = (
			);
			dependencies = (
			);
			name = "Facility Search";
			productName = FacilitySearch3;
			productReference = 9177C5E9258E612700929C5C /* Facility Search.app */;
			productType = "com.apple.product-type.application";
		};
/* End PBXNativeTarget section */

/* Begin PBXProject section */
		9177C5E1258E612700929C5C /* Project object */ = {
			isa = PBXProject;
			attributes = {
				LastSwiftUpdateCheck = 1230;
				LastUpgradeCheck = 1230;
				TargetAttributes = {
					9177C5E8258E612700929C5C = {
						CreatedOnToolsVersion = 12.3;
					};
				};
			};
			buildConfigurationList = 9177C5E4258E612700929C5C /* Build configuration list for PBXProject "Facility Search" */;
			compatibilityVersion = "Xcode 9.3";
			developmentRegion = en;
			hasScannedForEncodings = 0;
			knownRegions = (
				en,
				Base,
			);
			mainGroup = 9177C5E0258E612700929C5C;
			productRefGroup = 9177C5EA258E612700929C5C /* Products */;
			projectDirPath = "";
			projectRoot = "";
			targets = (
				9177C5E8258E612700929C5C /* Facility Search */,
			);
		};
/* End PBXProject section */

/* Begin PBXResourcesBuildPhase section */
		9177C5E7258E612700929C5C /* Resources */ = {
			isa = PBXResourcesBuildPhase;
			buildActionMask = 2147483647;
			files = (
				9177C5F4258E612800929C5C /* Preview Assets.xcassets in Resources */,
				9177C5F1258E612800929C5C /* Assets.xcassets in Resources */,
			);
			runOnlyForDeploymentPostprocessing = 0;
		};
/* End PBXResourcesBuildPhase section */

/* Begin PBXSourcesBuildPhase section */
		9177C5E5258E612700929C5C /* Sources */ = {
			isa = PBXSourcesBuildPhase;
			buildActionMask = 2147483647;
			files = (
				918A25FF259301CE003F850E /* LinkItemView.swift in Sources */,
				9177C61B258F234200929C5C /* DataService.swift in Sources */,
				918A260425946368003F850E /* ReportView.swift in Sources */,
				918A2607259464BC003F850E /* HtmlStringView.swift in Sources */,
				9177C64925907ACF00929C5C /* DetailView.swift in Sources */,
				9177C6542591C20B00929C5C /* GroupView.swift in Sources */,
				9177C5EF258E612700929C5C /* HomeView.swift in Sources */,
				918A260A25946896003F850E /* ReportList.swift in Sources */,
				9177C6382590701700929C5C /* ListView.swift in Sources */,
				9177C62E258F23A800929C5C /* FacilityGroup.swift in Sources */,
				9177C626258F238900929C5C /* FacilitySearch.swift in Sources */,
				9177C5ED258E612700929C5C /* FacilitySearch3App.swift in Sources */,
				9177C644259073FC00929C5C /* TypeView.swift in Sources */,
				9177C620258F236200929C5C /* FacilityDetail.swift in Sources */,
			);
			runOnlyForDeploymentPostprocessing = 0;
		};
/* End PBXSourcesBuildPhase section */

/* Begin XCBuildConfiguration section */
		9177C60C258E612800929C5C /* Debug */ = {
			isa = XCBuildConfiguration;
			buildSettings = {
				ALWAYS_SEARCH_USER_PATHS = NO;
				CLANG_ANALYZER_NONNULL = YES;
				CLANG_ANALYZER_NUMBER_OBJECT_CONVERSION = YES_AGGRESSIVE;
				CLANG_CXX_LANGUAGE_STANDARD = "gnu++14";
				CLANG_CXX_LIBRARY = "libc++";
				CLANG_ENABLE_MODULES = YES;
				CLANG_ENABLE_OBJC_ARC = YES;
				CLANG_ENABLE_OBJC_WEAK = YES;
				CLANG_WARN_BLOCK_CAPTURE_AUTORELEASING = YES;
				CLANG_WARN_BOOL_CONVERSION = YES;
				CLANG_WARN_COMMA = YES;
				CLANG_WARN_CONSTANT_CONVERSION = YES;
				CLANG_WARN_DEPRECATED_OBJC_IMPLEMENTATIONS = YES;
				CLANG_WARN_DIRECT_OBJC_ISA_USAGE = YES_ERROR;
				CLANG_WARN_DOCUMENTATION_COMMENTS = YES;
				CLANG_WARN_EMPTY_BODY = YES;
				CLANG_WARN_ENUM_CONVERSION = YES;
				CLANG_WARN_INFINITE_RECURSION = YES;
				CLANG_WARN_INT_CONVERSION = YES;
				CLANG_WARN_NON_LITERAL_NULL_CONVERSION = YES;
				CLANG_WARN_OBJC_IMPLICIT_RETAIN_SELF = YES;
				CLANG_WARN_OBJC_LITERAL_CONVERSION = YES;
				CLANG_WARN_OBJC_ROOT_CLASS = YES_ERROR;
				CLANG_WARN_QUOTED_INCLUDE_IN_FRAMEWORK_HEADER = YES;
				CLANG_WARN_RANGE_LOOP_ANALYSIS = YES;
				CLANG_WARN_STRICT_PROTOTYPES = YES;
				CLANG_WARN_SUSPICIOUS_MOVE = YES;
				CLANG_WARN_UNGUARDED_AVAILABILITY = YES_AGGRESSIVE;
				CLANG_WARN_UNREACHABLE_CODE = YES;
				CLANG_WARN__DUPLICATE_METHOD_MATCH = YES;
				COPY_PHASE_STRIP = NO;
				DEBUG_INFORMATION_FORMAT = dwarf;
				ENABLE_STRICT_OBJC_MSGSEND = YES;
				ENABLE_TESTABILITY = YES;
				GCC_C_LANGUAGE_STANDARD = gnu11;
				GCC_DYNAMIC_NO_PIC = NO;
				GCC_NO_COMMON_BLOCKS = YES;
				GCC_OPTIMIZATION_LEVEL = 0;
				GCC_PREPROCESSOR_DEFINITIONS = (
					"DEBUG=1",
					"$(inherited)",
				);
				GCC_WARN_64_TO_32_BIT_CONVERSION = YES;
				GCC_WARN_ABOUT_RETURN_TYPE = YES_ERROR;
				GCC_WARN_UNDECLARED_SELECTOR = YES;
				GCC_WARN_UNINITIALIZED_AUTOS = YES_AGGRESSIVE;
				GCC_WARN_UNUSED_FUNCTION = YES;
				GCC_WARN_UNUSED_VARIABLE = YES;
				IPHONEOS_DEPLOYMENT_TARGET = 14.3;
				MTL_ENABLE_DEBUG_INFO = INCLUDE_SOURCE;
				MTL_FAST_MATH = YES;
				ONLY_ACTIVE_ARCH = YES;
				SDKROOT = iphoneos;
				SWIFT_ACTIVE_COMPILATION_CONDITIONS = DEBUG;
				SWIFT_OPTIMIZATION_LEVEL = "-Onone";
			};
			name = Debug;
		};
		9177C60D258E612800929C5C /* Release */ = {
			isa = XCBuildConfiguration;
			buildSettings = {
				ALWAYS_SEARCH_USER_PATHS = NO;
				CLANG_ANALYZER_NONNULL = YES;
				CLANG_ANALYZER_NUMBER_OBJECT_CONVERSION = YES_AGGRESSIVE;
				CLANG_CXX_LANGUAGE_STANDARD = "gnu++14";
				CLANG_CXX_LIBRARY = "libc++";
				CLANG_ENABLE_MODULES = YES;
				CLANG_ENABLE_OBJC_ARC = YES;
				CLANG_ENABLE_OBJC_WEAK = YES;
				CLANG_WARN_BLOCK_CAPTURE_AUTORELEASING = YES;
				CLANG_WARN_BOOL_CONVERSION = YES;
				CLANG_WARN_COMMA = YES;
				CLANG_WARN_CONSTANT_CONVERSION = YES;
				CLANG_WARN_DEPRECATED_OBJC_IMPLEMENTATIONS = YES;
				CLANG_WARN_DIRECT_OBJC_ISA_USAGE = YES_ERROR;
				CLANG_WARN_DOCUMENTATION_COMMENTS = YES;
				CLANG_WARN_EMPTY_BODY = YES;
				CLANG_WARN_ENUM_CONVERSION = YES;
				CLANG_WARN_INFINITE_RECURSION = YES;
				CLANG_WARN_INT_CONVERSION = YES;
				CLANG_WARN_NON_LITERAL_NULL_CONVERSION = YES;
				CLANG_WARN_OBJC_IMPLICIT_RETAIN_SELF = YES;
				CLANG_WARN_OBJC_LITERAL_CONVERSION = YES;
				CLANG_WARN_OBJC_ROOT_CLASS = YES_ERROR;
				CLANG_WARN_QUOTED_INCLUDE_IN_FRAMEWORK_HEADER = YES;
				CLANG_WARN_RANGE_LOOP_ANALYSIS = YES;
				CLANG_WARN_STRICT_PROTOTYPES = YES;
				CLANG_WARN_SUSPICIOUS_MOVE = YES;
				CLANG_WARN_UNGUARDED_AVAILABILITY = YES_AGGRESSIVE;
				CLANG_WARN_UNREACHABLE_CODE = YES;
				CLANG_WARN__DUPLICATE_METHOD_MATCH = YES;
				COPY_PHASE_STRIP = NO;
				DEBUG_INFORMATION_FORMAT = "dwarf-with-dsym";
				ENABLE_NS_ASSERTIONS = NO;
				ENABLE_STRICT_OBJC_MSGSEND = YES;
				GCC_C_LANGUAGE_STANDARD = gnu11;
				GCC_NO_COMMON_BLOCKS = YES;
				GCC_WARN_64_TO_32_BIT_CONVERSION = YES;
				GCC_WARN_ABOUT_RETURN_TYPE = YES_ERROR;
				GCC_WARN_UNDECLARED_SELECTOR = YES;
				GCC_WARN_UNINITIALIZED_AUTOS = YES_AGGRESSIVE;
				GCC_WARN_UNUSED_FUNCTION = YES;
				GCC_WARN_UNUSED_VARIABLE = YES;
				IPHONEOS_DEPLOYMENT_TARGET = 14.3;
				MTL_ENABLE_DEBUG_INFO = NO;
				MTL_FAST_MATH = YES;
				SDKROOT = iphoneos;
				SWIFT_COMPILATION_MODE = wholemodule;
				SWIFT_OPTIMIZATION_LEVEL = "-O";
				VALIDATE_PRODUCT = YES;
			};
			name = Release;
		};
		9177C60F258E612800929C5C /* Debug */ = {
			isa = XCBuildConfiguration;
			buildSettings = {
				ASSETCATALOG_COMPILER_APPICON_NAME = AppIcon;
				ASSETCATALOG_COMPILER_GLOBAL_ACCENT_COLOR_NAME = AccentColor;
				CODE_SIGN_STYLE = Automatic;
				DEVELOPMENT_ASSET_PATHS = "\"Facility Search/Preview Content\"";
				DEVELOPMENT_TEAM = B7E3B4Q64C;
				ENABLE_PREVIEWS = YES;
				INFOPLIST_FILE = "Facility Search/Info.plist";
				IPHONEOS_DEPLOYMENT_TARGET = 14.0;
				LD_RUNPATH_SEARCH_PATHS = (
					"$(inherited)",
					"@executable_path/Frameworks",
				);
				MARKETING_VERSION = 11.19.1;
				PRODUCT_BUNDLE_IDENTIFIER = gov.ca.dss.transparency;
				PRODUCT_NAME = "$(TARGET_NAME)";
				SWIFT_VERSION = 5.0;
				TARGETED_DEVICE_FAMILY = "1,2";
			};
			name = Debug;
		};
		9177C610258E612800929C5C /* Release */ = {
			isa = XCBuildConfiguration;
			buildSettings = {
				ASSETCATALOG_COMPILER_APPICON_NAME = AppIcon;
				ASSETCATALOG_COMPILER_GLOBAL_ACCENT_COLOR_NAME = AccentColor;
				CODE_SIGN_STYLE = Automatic;
				DEVELOPMENT_ASSET_PATHS = "\"Facility Search/Preview Content\"";
				DEVELOPMENT_TEAM = B7E3B4Q64C;
				ENABLE_PREVIEWS = YES;
				INFOPLIST_FILE = "Facility Search/Info.plist";
				IPHONEOS_DEPLOYMENT_TARGET = 14.0;
				LD_RUNPATH_SEARCH_PATHS = (
					"$(inherited)",
					"@executable_path/Frameworks",
				);
				MARKETING_VERSION = 11.19.1;
				PRODUCT_BUNDLE_IDENTIFIER = gov.ca.dss.transparency;
				PRODUCT_NAME = "$(TARGET_NAME)";
				SWIFT_VERSION = 5.0;
				TARGETED_DEVICE_FAMILY = "1,2";
			};
			name = Release;
		};
/* End XCBuildConfiguration section */

/* Begin XCConfigurationList section */
		9177C5E4258E612700929C5C /* Build configuration list for PBXProject "Facility Search" */ = {
			isa = XCConfigurationList;
			buildConfigurations = (
				9177C60C258E612800929C5C /* Debug */,
				9177C60D258E612800929C5C /* Release */,
			);
			defaultConfigurationIsVisible = 0;
			defaultConfigurationName = Release;
		};
		9177C60E258E612800929C5C /* Build configuration list for PBXNativeTarget "Facility Search" */ = {
			isa = XCConfigurationList;
			buildConfigurations = (
				9177C60F258E612800929C5C /* Debug */,
				9177C610258E612800929C5C /* Release */,
			);
			defaultConfigurationIsVisible = 0;
			defaultConfigurationName = Release;
		};
/* End XCConfigurationList section */
	};
	rootObject = 9177C5E1258E612700929C5C /* Project object */;
}
